# @generated by Move, please check-in and do not edit manually.

[move]
version = 0

dependencies = [
  { name = "NftProtocol" },
  { name = "Sui" },
]

[[move.package]]
name = "MoveStdlib"
source = { local = "../../../sui/crates/sui-framework/packages/move-stdlib" }

[[move.package]]
name = "NftProtocol"
source = { local = "../../../nft-protocol" }

dependencies = [
  { name = "Originmate" },
  { name = "Sui" },
]

[[move.package]]
name = "Originmate"
source = { local = "../../../originmate" }

dependencies = [
  { name = "Sui" },
]

[[move.package]]
name = "Sui"
source = { local = "../../../sui/crates/sui-framework/packages/sui-framework" }

dependencies = [
  { name = "MoveStdlib" },
]
